
Microsoft Visual Studio Solution File, Format Version 12.00
# Visual Studio 14
VisualStudioVersion = 14.0.25420.1
MinimumVisualStudioVersion = 10.0.40219.1
Project("{8BC9CEB8-8B4A-11D0-8D11-00A0C91BC942}") = "001.Two Sum", "001.Two Sum\001.Two Sum.vcxproj", "{510551CE-D363-4CE4-AE5F-372B86D451A8}"
EndProject
Project("{8BC9CEB8-8B4A-11D0-8D11-00A0C91BC942}") = "412.Fizz Buzz", "412.Fizz Buzz\412.Fizz Buzz.vcxproj", "{9EBE89A1-601D-4953-AC35-3999C5665D7D}"
EndProject
Project("{8BC9CEB8-8B4A-11D0-8D11-00A0C91BC942}") = "389.Find the Difference", "389.Find the Difference\389.Find the Difference.vcxproj", "{371DA539-94CE-4206-8A88-532007189E3A}"
EndProject
Project("{8BC9CEB8-8B4A-11D0-8D11-00A0C91BC942}") = "383.Ransom Note", "383.Ransom Note\383.Ransom Note.vcxproj", "{C91BACAF-D49C-41DD-8E8E-46004D493ABB}"
EndProject
Project("{8BC9CEB8-8B4A-11D0-8D11-00A0C91BC942}") = "404.Sum of Left Leaves", "404.Sum of Left Leaves\404.Sum of Left Leaves.vcxproj", "{CEFCD049-1CB5-49B8-BFA2-AE56C6BB47AB}"
EndProject
Project("{8BC9CEB8-8B4A-11D0-8D11-00A0C91BC942}") = "349.Intersection of Two Arrays", "349.Intersection of Two Arrays\349.Intersection of Two Arrays.vcxproj", "{FD9A9325-2969-4D25-B151-87549993671E}"
EndProject
Project("{8BC9CEB8-8B4A-11D0-8D11-00A0C91BC942}") = "387.First Unique Character in a String", "387.First Unique Character in a String\387.First Unique Character in a String.vcxproj", "{B6B085AD-0218-4594-AA79-39428FCAEEAE}"
EndProject
Project("{8BC9CEB8-8B4A-11D0-8D11-00A0C91BC942}") = "409.Longest Palindrome", "409.Longest Palindrome\409.Longest Palindrome.vcxproj", "{6B1D2C5D-D511-4887-A417-C27893D21C16}"
EndProject
Project("{8BC9CEB8-8B4A-11D0-8D11-00A0C91BC942}") = "350.Intersection of Two Arrays II", "350.Intersection of Two Arrays II\350.Intersection of Two Arrays II.vcxproj", "{73304F0D-C63D-4582-A4B6-128CE9106643}"
EndProject
Project("{8BC9CEB8-8B4A-11D0-8D11-00A0C91BC942}") = "415.Add Strings", "415.Add Strings\415.Add Strings.vcxproj", "{9F329A3F-9A22-4E4E-9279-1DCCF0386A1D}"
EndProject
Project("{8BC9CEB8-8B4A-11D0-8D11-00A0C91BC942}") = "405.Convert a Number to Hexadecimal", "405.Convert a Number to Hexadecimal\405.Convert a Number to Hexadecimal.vcxproj", "{6DBBA82C-7B68-4E3A-9839-71EB918EF882}"
EndProject
Project("{8BC9CEB8-8B4A-11D0-8D11-00A0C91BC942}") = "453.Minimum Moves to Equal Array Elements", "453.Minimum Moves to Equal Array Elements\453.Minimum Moves to Equal Array Elements.vcxproj", "{40D88E9A-45F1-42E8-A2C6-9F7905B4039D}"
EndProject
Project("{8BC9CEB8-8B4A-11D0-8D11-00A0C91BC942}") = "112.Path Sum", "112.Path Sum\112.Path Sum.vcxproj", "{2953730F-4720-4E16-BF49-FAA6F1A0772E}"
EndProject
Project("{8BC9CEB8-8B4A-11D0-8D11-00A0C91BC942}") = "003.Longest Substring Without Repeating Characters", "003.Longest Substring Without Repeating Characters\003.Longest Substring Without Repeating Characters.vcxproj", "{83531DCD-D743-4C2A-A036-DC1E1ED2E180}"
EndProject
Project("{8BC9CEB8-8B4A-11D0-8D11-00A0C91BC942}") = "202.Happy Number", "202.Happy Number\202.Happy Number.vcxproj", "{8EDE24FE-6DAA-4032-B306-D4EAC850BE5F}"
EndProject
Project("{8BC9CEB8-8B4A-11D0-8D11-00A0C91BC942}") = "070.Climbing Stairs", "070.Climbing Stairs\070.Climbing Stairs.vcxproj", "{E14BA3B5-28F3-41DB-8634-21F7FB773F4B}"
EndProject
Project("{8BC9CEB8-8B4A-11D0-8D11-00A0C91BC942}") = "027.Remove Element", "027.Remove Element\027.Remove Element.vcxproj", "{19F3E5A1-795B-4506-A213-06EB0961D829}"
EndProject
Project("{8BC9CEB8-8B4A-11D0-8D11-00A0C91BC942}") = "066.Plus One", "066.Plus One\066.Plus One.vcxproj", "{8C4FB8A6-6AB7-4E3E-8E85-ED9469A48137}"
EndProject
Project("{8BC9CEB8-8B4A-11D0-8D11-00A0C91BC942}") = "102.Binary Tree Level Order Traversal", "102.Binary Tree Level Order Traversal\102.Binary Tree Level Order Traversal.vcxproj", "{E3DFD98F-24AE-42C1-BE35-E99799685F91}"
EndProject
Global
	GlobalSection(SolutionConfigurationPlatforms) = preSolution
		Debug|x64 = Debug|x64
		Debug|x86 = Debug|x86
		Release|x64 = Release|x64
		Release|x86 = Release|x86
	EndGlobalSection
	GlobalSection(ProjectConfigurationPlatforms) = postSolution
		{510551CE-D363-4CE4-AE5F-372B86D451A8}.Debug|x64.ActiveCfg = Debug|x64
		{510551CE-D363-4CE4-AE5F-372B86D451A8}.Debug|x64.Build.0 = Debug|x64
		{510551CE-D363-4CE4-AE5F-372B86D451A8}.Debug|x86.ActiveCfg = Debug|Win32
		{510551CE-D363-4CE4-AE5F-372B86D451A8}.Debug|x86.Build.0 = Debug|Win32
		{510551CE-D363-4CE4-AE5F-372B86D451A8}.Release|x64.ActiveCfg = Release|x64
		{510551CE-D363-4CE4-AE5F-372B86D451A8}.Release|x64.Build.0 = Release|x64
		{510551CE-D363-4CE4-AE5F-372B86D451A8}.Release|x86.ActiveCfg = Release|Win32
		{510551CE-D363-4CE4-AE5F-372B86D451A8}.Release|x86.Build.0 = Release|Win32
		{9EBE89A1-601D-4953-AC35-3999C5665D7D}.Debug|x64.ActiveCfg = Debug|x64
		{9EBE89A1-601D-4953-AC35-3999C5665D7D}.Debug|x64.Build.0 = Debug|x64
		{9EBE89A1-601D-4953-AC35-3999C5665D7D}.Debug|x86.ActiveCfg = Debug|Win32
		{9EBE89A1-601D-4953-AC35-3999C5665D7D}.Debug|x86.Build.0 = Debug|Win32
		{9EBE89A1-601D-4953-AC35-3999C5665D7D}.Release|x64.ActiveCfg = Release|x64
		{9EBE89A1-601D-4953-AC35-3999C5665D7D}.Release|x64.Build.0 = Release|x64
		{9EBE89A1-601D-4953-AC35-3999C5665D7D}.Release|x86.ActiveCfg = Release|Win32
		{9EBE89A1-601D-4953-AC35-3999C5665D7D}.Release|x86.Build.0 = Release|Win32
		{371DA539-94CE-4206-8A88-532007189E3A}.Debug|x64.ActiveCfg = Debug|x64
		{371DA539-94CE-4206-8A88-532007189E3A}.Debug|x64.Build.0 = Debug|x64
		{371DA539-94CE-4206-8A88-532007189E3A}.Debug|x86.ActiveCfg = Debug|Win32
		{371DA539-94CE-4206-8A88-532007189E3A}.Debug|x86.Build.0 = Debug|Win32
		{371DA539-94CE-4206-8A88-532007189E3A}.Release|x64.ActiveCfg = Release|x64
		{371DA539-94CE-4206-8A88-532007189E3A}.Release|x64.Build.0 = Release|x64
		{371DA539-94CE-4206-8A88-532007189E3A}.Release|x86.ActiveCfg = Release|Win32
		{371DA539-94CE-4206-8A88-532007189E3A}.Release|x86.Build.0 = Release|Win32
		{C91BACAF-D49C-41DD-8E8E-46004D493ABB}.Debug|x64.ActiveCfg = Debug|x64
		{C91BACAF-D49C-41DD-8E8E-46004D493ABB}.Debug|x64.Build.0 = Debug|x64
		{C91BACAF-D49C-41DD-8E8E-46004D493ABB}.Debug|x86.ActiveCfg = Debug|Win32
		{C91BACAF-D49C-41DD-8E8E-46004D493ABB}.Debug|x86.Build.0 = Debug|Win32
		{C91BACAF-D49C-41DD-8E8E-46004D493ABB}.Release|x64.ActiveCfg = Release|x64
		{C91BACAF-D49C-41DD-8E8E-46004D493ABB}.Release|x64.Build.0 = Release|x64
		{C91BACAF-D49C-41DD-8E8E-46004D493ABB}.Release|x86.ActiveCfg = Release|Win32
		{C91BACAF-D49C-41DD-8E8E-46004D493ABB}.Release|x86.Build.0 = Release|Win32
		{CEFCD049-1CB5-49B8-BFA2-AE56C6BB47AB}.Debug|x64.ActiveCfg = Debug|x64
		{CEFCD049-1CB5-49B8-BFA2-AE56C6BB47AB}.Debug|x64.Build.0 = Debug|x64
		{CEFCD049-1CB5-49B8-BFA2-AE56C6BB47AB}.Debug|x86.ActiveCfg = Debug|Win32
		{CEFCD049-1CB5-49B8-BFA2-AE56C6BB47AB}.Debug|x86.Build.0 = Debug|Win32
		{CEFCD049-1CB5-49B8-BFA2-AE56C6BB47AB}.Release|x64.ActiveCfg = Release|x64
		{CEFCD049-1CB5-49B8-BFA2-AE56C6BB47AB}.Release|x64.Build.0 = Release|x64
		{CEFCD049-1CB5-49B8-BFA2-AE56C6BB47AB}.Release|x86.ActiveCfg = Release|Win32
		{CEFCD049-1CB5-49B8-BFA2-AE56C6BB47AB}.Release|x86.Build.0 = Release|Win32
		{FD9A9325-2969-4D25-B151-87549993671E}.Debug|x64.ActiveCfg = Debug|x64
		{FD9A9325-2969-4D25-B151-87549993671E}.Debug|x64.Build.0 = Debug|x64
		{FD9A9325-2969-4D25-B151-87549993671E}.Debug|x86.ActiveCfg = Debug|Win32
		{FD9A9325-2969-4D25-B151-87549993671E}.Debug|x86.Build.0 = Debug|Win32
		{FD9A9325-2969-4D25-B151-87549993671E}.Release|x64.ActiveCfg = Release|x64
		{FD9A9325-2969-4D25-B151-87549993671E}.Release|x64.Build.0 = Release|x64
		{FD9A9325-2969-4D25-B151-87549993671E}.Release|x86.ActiveCfg = Release|Win32
		{FD9A9325-2969-4D25-B151-87549993671E}.Release|x86.Build.0 = Release|Win32
		{B6B085AD-0218-4594-AA79-39428FCAEEAE}.Debug|x64.ActiveCfg = Debug|x64
		{B6B085AD-0218-4594-AA79-39428FCAEEAE}.Debug|x64.Build.0 = Debug|x64
		{B6B085AD-0218-4594-AA79-39428FCAEEAE}.Debug|x86.ActiveCfg = Debug|Win32
		{B6B085AD-0218-4594-AA79-39428FCAEEAE}.Debug|x86.Build.0 = Debug|Win32
		{B6B085AD-0218-4594-AA79-39428FCAEEAE}.Release|x64.ActiveCfg = Release|x64
		{B6B085AD-0218-4594-AA79-39428FCAEEAE}.Release|x64.Build.0 = Release|x64
		{B6B085AD-0218-4594-AA79-39428FCAEEAE}.Release|x86.ActiveCfg = Release|Win32
		{B6B085AD-0218-4594-AA79-39428FCAEEAE}.Release|x86.Build.0 = Release|Win32
		{6B1D2C5D-D511-4887-A417-C27893D21C16}.Debug|x64.ActiveCfg = Debug|x64
		{6B1D2C5D-D511-4887-A417-C27893D21C16}.Debug|x64.Build.0 = Debug|x64
		{6B1D2C5D-D511-4887-A417-C27893D21C16}.Debug|x86.ActiveCfg = Debug|Win32
		{6B1D2C5D-D511-4887-A417-C27893D21C16}.Debug|x86.Build.0 = Debug|Win32
		{6B1D2C5D-D511-4887-A417-C27893D21C16}.Release|x64.ActiveCfg = Release|x64
		{6B1D2C5D-D511-4887-A417-C27893D21C16}.Release|x64.Build.0 = Release|x64
		{6B1D2C5D-D511-4887-A417-C27893D21C16}.Release|x86.ActiveCfg = Release|Win32
		{6B1D2C5D-D511-4887-A417-C27893D21C16}.Release|x86.Build.0 = Release|Win32
		{73304F0D-C63D-4582-A4B6-128CE9106643}.Debug|x64.ActiveCfg = Debug|x64
		{73304F0D-C63D-4582-A4B6-128CE9106643}.Debug|x64.Build.0 = Debug|x64
		{73304F0D-C63D-4582-A4B6-128CE9106643}.Debug|x86.ActiveCfg = Debug|Win32
		{73304F0D-C63D-4582-A4B6-128CE9106643}.Debug|x86.Build.0 = Debug|Win32
		{73304F0D-C63D-4582-A4B6-128CE9106643}.Release|x64.ActiveCfg = Release|x64
		{73304F0D-C63D-4582-A4B6-128CE9106643}.Release|x64.Build.0 = Release|x64
		{73304F0D-C63D-4582-A4B6-128CE9106643}.Release|x86.ActiveCfg = Release|Win32
		{73304F0D-C63D-4582-A4B6-128CE9106643}.Release|x86.Build.0 = Release|Win32
		{9F329A3F-9A22-4E4E-9279-1DCCF0386A1D}.Debug|x64.ActiveCfg = Debug|x64
		{9F329A3F-9A22-4E4E-9279-1DCCF0386A1D}.Debug|x64.Build.0 = Debug|x64
		{9F329A3F-9A22-4E4E-9279-1DCCF0386A1D}.Debug|x86.ActiveCfg = Debug|Win32
		{9F329A3F-9A22-4E4E-9279-1DCCF0386A1D}.Debug|x86.Build.0 = Debug|Win32
		{9F329A3F-9A22-4E4E-9279-1DCCF0386A1D}.Release|x64.ActiveCfg = Release|x64
		{9F329A3F-9A22-4E4E-9279-1DCCF0386A1D}.Release|x64.Build.0 = Release|x64
		{9F329A3F-9A22-4E4E-9279-1DCCF0386A1D}.Release|x86.ActiveCfg = Release|Win32
		{9F329A3F-9A22-4E4E-9279-1DCCF0386A1D}.Release|x86.Build.0 = Release|Win32
		{6DBBA82C-7B68-4E3A-9839-71EB918EF882}.Debug|x64.ActiveCfg = Debug|x64
		{6DBBA82C-7B68-4E3A-9839-71EB918EF882}.Debug|x64.Build.0 = Debug|x64
		{6DBBA82C-7B68-4E3A-9839-71EB918EF882}.Debug|x86.ActiveCfg = Debug|Win32
		{6DBBA82C-7B68-4E3A-9839-71EB918EF882}.Debug|x86.Build.0 = Debug|Win32
		{6DBBA82C-7B68-4E3A-9839-71EB918EF882}.Release|x64.ActiveCfg = Release|x64
		{6DBBA82C-7B68-4E3A-9839-71EB918EF882}.Release|x64.Build.0 = Release|x64
		{6DBBA82C-7B68-4E3A-9839-71EB918EF882}.Release|x86.ActiveCfg = Release|Win32
		{6DBBA82C-7B68-4E3A-9839-71EB918EF882}.Release|x86.Build.0 = Release|Win32
		{40D88E9A-45F1-42E8-A2C6-9F7905B4039D}.Debug|x64.ActiveCfg = Debug|x64
		{40D88E9A-45F1-42E8-A2C6-9F7905B4039D}.Debug|x64.Build.0 = Debug|x64
		{40D88E9A-45F1-42E8-A2C6-9F7905B4039D}.Debug|x86.ActiveCfg = Debug|Win32
		{40D88E9A-45F1-42E8-A2C6-9F7905B4039D}.Debug|x86.Build.0 = Debug|Win32
		{40D88E9A-45F1-42E8-A2C6-9F7905B4039D}.Release|x64.ActiveCfg = Release|x64
		{40D88E9A-45F1-42E8-A2C6-9F7905B4039D}.Release|x64.Build.0 = Release|x64
		{40D88E9A-45F1-42E8-A2C6-9F7905B4039D}.Release|x86.ActiveCfg = Release|Win32
		{40D88E9A-45F1-42E8-A2C6-9F7905B4039D}.Release|x86.Build.0 = Release|Win32
		{2953730F-4720-4E16-BF49-FAA6F1A0772E}.Debug|x64.ActiveCfg = Debug|x64
		{2953730F-4720-4E16-BF49-FAA6F1A0772E}.Debug|x64.Build.0 = Debug|x64
		{2953730F-4720-4E16-BF49-FAA6F1A0772E}.Debug|x86.ActiveCfg = Debug|Win32
		{2953730F-4720-4E16-BF49-FAA6F1A0772E}.Debug|x86.Build.0 = Debug|Win32
		{2953730F-4720-4E16-BF49-FAA6F1A0772E}.Release|x64.ActiveCfg = Release|x64
		{2953730F-4720-4E16-BF49-FAA6F1A0772E}.Release|x64.Build.0 = Release|x64
		{2953730F-4720-4E16-BF49-FAA6F1A0772E}.Release|x86.ActiveCfg = Release|Win32
		{2953730F-4720-4E16-BF49-FAA6F1A0772E}.Release|x86.Build.0 = Release|Win32
		{83531DCD-D743-4C2A-A036-DC1E1ED2E180}.Debug|x64.ActiveCfg = Debug|x64
		{83531DCD-D743-4C2A-A036-DC1E1ED2E180}.Debug|x64.Build.0 = Debug|x64
		{83531DCD-D743-4C2A-A036-DC1E1ED2E180}.Debug|x86.ActiveCfg = Debug|Win32
		{83531DCD-D743-4C2A-A036-DC1E1ED2E180}.Debug|x86.Build.0 = Debug|Win32
		{83531DCD-D743-4C2A-A036-DC1E1ED2E180}.Release|x64.ActiveCfg = Release|x64
		{83531DCD-D743-4C2A-A036-DC1E1ED2E180}.Release|x64.Build.0 = Release|x64
		{83531DCD-D743-4C2A-A036-DC1E1ED2E180}.Release|x86.ActiveCfg = Release|Win32
		{83531DCD-D743-4C2A-A036-DC1E1ED2E180}.Release|x86.Build.0 = Release|Win32
		{8EDE24FE-6DAA-4032-B306-D4EAC850BE5F}.Debug|x64.ActiveCfg = Debug|x64
		{8EDE24FE-6DAA-4032-B306-D4EAC850BE5F}.Debug|x64.Build.0 = Debug|x64
		{8EDE24FE-6DAA-4032-B306-D4EAC850BE5F}.Debug|x86.ActiveCfg = Debug|Win32
		{8EDE24FE-6DAA-4032-B306-D4EAC850BE5F}.Debug|x86.Build.0 = Debug|Win32
		{8EDE24FE-6DAA-4032-B306-D4EAC850BE5F}.Release|x64.ActiveCfg = Release|x64
		{8EDE24FE-6DAA-4032-B306-D4EAC850BE5F}.Release|x64.Build.0 = Release|x64
		{8EDE24FE-6DAA-4032-B306-D4EAC850BE5F}.Release|x86.ActiveCfg = Release|Win32
		{8EDE24FE-6DAA-4032-B306-D4EAC850BE5F}.Release|x86.Build.0 = Release|Win32
		{E14BA3B5-28F3-41DB-8634-21F7FB773F4B}.Debug|x64.ActiveCfg = Debug|x64
		{E14BA3B5-28F3-41DB-8634-21F7FB773F4B}.Debug|x64.Build.0 = Debug|x64
		{E14BA3B5-28F3-41DB-8634-21F7FB773F4B}.Debug|x86.ActiveCfg = Debug|Win32
		{E14BA3B5-28F3-41DB-8634-21F7FB773F4B}.Debug|x86.Build.0 = Debug|Win32
		{E14BA3B5-28F3-41DB-8634-21F7FB773F4B}.Release|x64.ActiveCfg = Release|x64
		{E14BA3B5-28F3-41DB-8634-21F7FB773F4B}.Release|x64.Build.0 = Release|x64
		{E14BA3B5-28F3-41DB-8634-21F7FB773F4B}.Release|x86.ActiveCfg = Release|Win32
		{E14BA3B5-28F3-41DB-8634-21F7FB773F4B}.Release|x86.Build.0 = Release|Win32
		{19F3E5A1-795B-4506-A213-06EB0961D829}.Debug|x64.ActiveCfg = Debug|x64
		{19F3E5A1-795B-4506-A213-06EB0961D829}.Debug|x64.Build.0 = Debug|x64
		{19F3E5A1-795B-4506-A213-06EB0961D829}.Debug|x86.ActiveCfg = Debug|Win32
		{19F3E5A1-795B-4506-A213-06EB0961D829}.Debug|x86.Build.0 = Debug|Win32
		{19F3E5A1-795B-4506-A213-06EB0961D829}.Release|x64.ActiveCfg = Release|x64
		{19F3E5A1-795B-4506-A213-06EB0961D829}.Release|x64.Build.0 = Release|x64
		{19F3E5A1-795B-4506-A213-06EB0961D829}.Release|x86.ActiveCfg = Release|Win32
		{19F3E5A1-795B-4506-A213-06EB0961D829}.Release|x86.Build.0 = Release|Win32
		{8C4FB8A6-6AB7-4E3E-8E85-ED9469A48137}.Debug|x64.ActiveCfg = Debug|x64
		{8C4FB8A6-6AB7-4E3E-8E85-ED9469A48137}.Debug|x64.Build.0 = Debug|x64
		{8C4FB8A6-6AB7-4E3E-8E85-ED9469A48137}.Debug|x86.ActiveCfg = Debug|Win32
		{8C4FB8A6-6AB7-4E3E-8E85-ED9469A48137}.Debug|x86.Build.0 = Debug|Win32
		{8C4FB8A6-6AB7-4E3E-8E85-ED9469A48137}.Release|x64.ActiveCfg = Release|x64
		{8C4FB8A6-6AB7-4E3E-8E85-ED9469A48137}.Release|x64.Build.0 = Release|x64
		{8C4FB8A6-6AB7-4E3E-8E85-ED9469A48137}.Release|x86.ActiveCfg = Release|Win32
		{8C4FB8A6-6AB7-4E3E-8E85-ED9469A48137}.Release|x86.Build.0 = Release|Win32
		{E3DFD98F-24AE-42C1-BE35-E99799685F91}.Debug|x64.ActiveCfg = Debug|x64
		{E3DFD98F-24AE-42C1-BE35-E99799685F91}.Debug|x64.Build.0 = Debug|x64
		{E3DFD98F-24AE-42C1-BE35-E99799685F91}.Debug|x86.ActiveCfg = Debug|Win32
		{E3DFD98F-24AE-42C1-BE35-E99799685F91}.Debug|x86.Build.0 = Debug|Win32
		{E3DFD98F-24AE-42C1-BE35-E99799685F91}.Release|x64.ActiveCfg = Release|x64
		{E3DFD98F-24AE-42C1-BE35-E99799685F91}.Release|x64.Build.0 = Release|x64
		{E3DFD98F-24AE-42C1-BE35-E99799685F91}.Release|x86.ActiveCfg = Release|Win32
		{E3DFD98F-24AE-42C1-BE35-E99799685F91}.Release|x86.Build.0 = Release|Win32
	EndGlobalSection
	GlobalSection(SolutionProperties) = preSolution
		HideSolutionNode = FALSE
	EndGlobalSection
EndGlobal
