
Microsoft Visual Studio Solution File, Format Version 12.00
# Visual Studio 14
VisualStudioVersion = 14.0.25420.1
MinimumVisualStudioVersion = 10.0.40219.1
Project("{8BC9CEB8-8B4A-11D0-8D11-00A0C91BC942}") = "001.Two Sum", "001.Two Sum\001.Two Sum.vcxproj", "{510551CE-D363-4CE4-AE5F-372B86D451A8}"
EndProject
Project("{8BC9CEB8-8B4A-11D0-8D11-00A0C91BC942}") = "412.Fizz Buzz", "412.Fizz Buzz\412.Fizz Buzz.vcxproj", "{9EBE89A1-601D-4953-AC35-3999C5665D7D}"
EndProject
Project("{8BC9CEB8-8B4A-11D0-8D11-00A0C91BC942}") = "389.Find the Difference", "389.Find the Difference\389.Find the Difference.vcxproj", "{371DA539-94CE-4206-8A88-532007189E3A}"
EndProject
Project("{8BC9CEB8-8B4A-11D0-8D11-00A0C91BC942}") = "383.Ransom Note", "383.Ransom Note\383.Ransom Note.vcxproj", "{C91BACAF-D49C-41DD-8E8E-46004D493ABB}"
EndProject
Project("{8BC9CEB8-8B4A-11D0-8D11-00A0C91BC942}") = "404.Sum of Left Leaves", "404.Sum of Left Leaves\404.Sum of Left Leaves.vcxproj", "{CEFCD049-1CB5-49B8-BFA2-AE56C6BB47AB}"
EndProject
Project("{8BC9CEB8-8B4A-11D0-8D11-00A0C91BC942}") = "349.Intersection of Two Arrays", "349.Intersection of Two Arrays\349.Intersection of Two Arrays.vcxproj", "{FD9A9325-2969-4D25-B151-87549993671E}"
EndProject
Project("{8BC9CEB8-8B4A-11D0-8D11-00A0C91BC942}") = "387.First Unique Character in a String", "387.First Unique Character in a String\387.First Unique Character in a String.vcxproj", "{B6B085AD-0218-4594-AA79-39428FCAEEAE}"
EndProject
Global
	GlobalSection(SolutionConfigurationPlatforms) = preSolution
		Debug|x64 = Debug|x64
		Debug|x86 = Debug|x86
		Release|x64 = Release|x64
		Release|x86 = Release|x86
	EndGlobalSection
	GlobalSection(ProjectConfigurationPlatforms) = postSolution
		{510551CE-D363-4CE4-AE5F-372B86D451A8}.Debug|x64.ActiveCfg = Debug|x64
		{510551CE-D363-4CE4-AE5F-372B86D451A8}.Debug|x64.Build.0 = Debug|x64
		{510551CE-D363-4CE4-AE5F-372B86D451A8}.Debug|x86.ActiveCfg = Debug|Win32
		{510551CE-D363-4CE4-AE5F-372B86D451A8}.Debug|x86.Build.0 = Debug|Win32
		{510551CE-D363-4CE4-AE5F-372B86D451A8}.Release|x64.ActiveCfg = Release|x64
		{510551CE-D363-4CE4-AE5F-372B86D451A8}.Release|x64.Build.0 = Release|x64
		{510551CE-D363-4CE4-AE5F-372B86D451A8}.Release|x86.ActiveCfg = Release|Win32
		{510551CE-D363-4CE4-AE5F-372B86D451A8}.Release|x86.Build.0 = Release|Win32
		{9EBE89A1-601D-4953-AC35-3999C5665D7D}.Debug|x64.ActiveCfg = Debug|x64
		{9EBE89A1-601D-4953-AC35-3999C5665D7D}.Debug|x64.Build.0 = Debug|x64
		{9EBE89A1-601D-4953-AC35-3999C5665D7D}.Debug|x86.ActiveCfg = Debug|Win32
		{9EBE89A1-601D-4953-AC35-3999C5665D7D}.Debug|x86.Build.0 = Debug|Win32
		{9EBE89A1-601D-4953-AC35-3999C5665D7D}.Release|x64.ActiveCfg = Release|x64
		{9EBE89A1-601D-4953-AC35-3999C5665D7D}.Release|x64.Build.0 = Release|x64
		{9EBE89A1-601D-4953-AC35-3999C5665D7D}.Release|x86.ActiveCfg = Release|Win32
		{9EBE89A1-601D-4953-AC35-3999C5665D7D}.Release|x86.Build.0 = Release|Win32
		{371DA539-94CE-4206-8A88-532007189E3A}.Debug|x64.ActiveCfg = Debug|x64
		{371DA539-94CE-4206-8A88-532007189E3A}.Debug|x64.Build.0 = Debug|x64
		{371DA539-94CE-4206-8A88-532007189E3A}.Debug|x86.ActiveCfg = Debug|Win32
		{371DA539-94CE-4206-8A88-532007189E3A}.Debug|x86.Build.0 = Debug|Win32
		{371DA539-94CE-4206-8A88-532007189E3A}.Release|x64.ActiveCfg = Release|x64
		{371DA539-94CE-4206-8A88-532007189E3A}.Release|x64.Build.0 = Release|x64
		{371DA539-94CE-4206-8A88-532007189E3A}.Release|x86.ActiveCfg = Release|Win32
		{371DA539-94CE-4206-8A88-532007189E3A}.Release|x86.Build.0 = Release|Win32
		{C91BACAF-D49C-41DD-8E8E-46004D493ABB}.Debug|x64.ActiveCfg = Debug|x64
		{C91BACAF-D49C-41DD-8E8E-46004D493ABB}.Debug|x64.Build.0 = Debug|x64
		{C91BACAF-D49C-41DD-8E8E-46004D493ABB}.Debug|x86.ActiveCfg = Debug|Win32
		{C91BACAF-D49C-41DD-8E8E-46004D493ABB}.Debug|x86.Build.0 = Debug|Win32
		{C91BACAF-D49C-41DD-8E8E-46004D493ABB}.Release|x64.ActiveCfg = Release|x64
		{C91BACAF-D49C-41DD-8E8E-46004D493ABB}.Release|x64.Build.0 = Release|x64
		{C91BACAF-D49C-41DD-8E8E-46004D493ABB}.Release|x86.ActiveCfg = Release|Win32
		{C91BACAF-D49C-41DD-8E8E-46004D493ABB}.Release|x86.Build.0 = Release|Win32
		{CEFCD049-1CB5-49B8-BFA2-AE56C6BB47AB}.Debug|x64.ActiveCfg = Debug|x64
		{CEFCD049-1CB5-49B8-BFA2-AE56C6BB47AB}.Debug|x64.Build.0 = Debug|x64
		{CEFCD049-1CB5-49B8-BFA2-AE56C6BB47AB}.Debug|x86.ActiveCfg = Debug|Win32
		{CEFCD049-1CB5-49B8-BFA2-AE56C6BB47AB}.Debug|x86.Build.0 = Debug|Win32
		{CEFCD049-1CB5-49B8-BFA2-AE56C6BB47AB}.Release|x64.ActiveCfg = Release|x64
		{CEFCD049-1CB5-49B8-BFA2-AE56C6BB47AB}.Release|x64.Build.0 = Release|x64
		{CEFCD049-1CB5-49B8-BFA2-AE56C6BB47AB}.Release|x86.ActiveCfg = Release|Win32
		{CEFCD049-1CB5-49B8-BFA2-AE56C6BB47AB}.Release|x86.Build.0 = Release|Win32
		{FD9A9325-2969-4D25-B151-87549993671E}.Debug|x64.ActiveCfg = Debug|x64
		{FD9A9325-2969-4D25-B151-87549993671E}.Debug|x64.Build.0 = Debug|x64
		{FD9A9325-2969-4D25-B151-87549993671E}.Debug|x86.ActiveCfg = Debug|Win32
		{FD9A9325-2969-4D25-B151-87549993671E}.Debug|x86.Build.0 = Debug|Win32
		{FD9A9325-2969-4D25-B151-87549993671E}.Release|x64.ActiveCfg = Release|x64
		{FD9A9325-2969-4D25-B151-87549993671E}.Release|x64.Build.0 = Release|x64
		{FD9A9325-2969-4D25-B151-87549993671E}.Release|x86.ActiveCfg = Release|Win32
		{FD9A9325-2969-4D25-B151-87549993671E}.Release|x86.Build.0 = Release|Win32
		{B6B085AD-0218-4594-AA79-39428FCAEEAE}.Debug|x64.ActiveCfg = Debug|x64
		{B6B085AD-0218-4594-AA79-39428FCAEEAE}.Debug|x64.Build.0 = Debug|x64
		{B6B085AD-0218-4594-AA79-39428FCAEEAE}.Debug|x86.ActiveCfg = Debug|Win32
		{B6B085AD-0218-4594-AA79-39428FCAEEAE}.Debug|x86.Build.0 = Debug|Win32
		{B6B085AD-0218-4594-AA79-39428FCAEEAE}.Release|x64.ActiveCfg = Release|x64
		{B6B085AD-0218-4594-AA79-39428FCAEEAE}.Release|x64.Build.0 = Release|x64
		{B6B085AD-0218-4594-AA79-39428FCAEEAE}.Release|x86.ActiveCfg = Release|Win32
		{B6B085AD-0218-4594-AA79-39428FCAEEAE}.Release|x86.Build.0 = Release|Win32
	EndGlobalSection
	GlobalSection(SolutionProperties) = preSolution
		HideSolutionNode = FALSE
	EndGlobalSection
EndGlobal
